
Microsoft Visual Studio Solution File, Format Version 12.00
# Visual Studio Version 16
VisualStudioVersion = 16.0.28606.126
MinimumVisualStudioVersion = 10.0.40219.1
Project("{9A19103F-16F7-4668-BE54-9A1E7A4F7556}") = "UnitTestProject1", "UnitTestProject1\UnitTestProject1.csproj", "{86082F0C-7BF1-4F4A-87BE-CECA53B20834}"
EndProject
Project("{9A19103F-16F7-4668-BE54-9A1E7A4F7556}") = "MeguminEngine.Standard", "MeguminEngine.Standard\MeguminEngine.Standard.csproj", "{E9737003-4A68-4D33-9F6D-8B01AF18CC69}"
EndProject
Project("{9A19103F-16F7-4668-BE54-9A1E7A4F7556}") = "MeguminEngine.Core", "MeguminEngine.Core\MeguminEngine.Core.csproj", "{949500AB-7272-4C53-9CFC-83009E2BED46}"
EndProject
Global
	GlobalSection(SolutionConfigurationPlatforms) = preSolution
		Debug|Any CPU = Debug|Any CPU
		Release|Any CPU = Release|Any CPU
	EndGlobalSection
	GlobalSection(ProjectConfigurationPlatforms) = postSolution
		{86082F0C-7BF1-4F4A-87BE-CECA53B20834}.Debug|Any CPU.ActiveCfg = Debug|Any CPU
		{86082F0C-7BF1-4F4A-87BE-CECA53B20834}.Debug|Any CPU.Build.0 = Debug|Any CPU
		{86082F0C-7BF1-4F4A-87BE-CECA53B20834}.Release|Any CPU.ActiveCfg = Release|Any CPU
		{86082F0C-7BF1-4F4A-87BE-CECA53B20834}.Release|Any CPU.Build.0 = Release|Any CPU
		{E9737003-4A68-4D33-9F6D-8B01AF18CC69}.Debug|Any CPU.ActiveCfg = Debug|Any CPU
		{E9737003-4A68-4D33-9F6D-8B01AF18CC69}.Debug|Any CPU.Build.0 = Debug|Any CPU
		{E9737003-4A68-4D33-9F6D-8B01AF18CC69}.Release|Any CPU.ActiveCfg = Release|Any CPU
		{E9737003-4A68-4D33-9F6D-8B01AF18CC69}.Release|Any CPU.Build.0 = Release|Any CPU
		{949500AB-7272-4C53-9CFC-83009E2BED46}.Debug|Any CPU.ActiveCfg = Debug|Any CPU
		{949500AB-7272-4C53-9CFC-83009E2BED46}.Debug|Any CPU.Build.0 = Debug|Any CPU
		{949500AB-7272-4C53-9CFC-83009E2BED46}.Release|Any CPU.ActiveCfg = Release|Any CPU
		{949500AB-7272-4C53-9CFC-83009E2BED46}.Release|Any CPU.Build.0 = Release|Any CPU
	EndGlobalSection
	GlobalSection(SolutionProperties) = preSolution
		HideSolutionNode = FALSE
	EndGlobalSection
	GlobalSection(ExtensibilityGlobals) = postSolution
		SolutionGuid = {C367EA91-E946-412F-A321-970059BDF2CD}
	EndGlobalSection
EndGlobal
