
Microsoft Visual Studio Solution File, Format Version 12.00
# Visual Studio Version 16
VisualStudioVersion = 16.0.28606.126
MinimumVisualStudioVersion = 10.0.40219.1
Project("{9A19103F-16F7-4668-BE54-9A1E7A4F7556}") = "MeguminEngine.Interface", "MeguminEngine.Interface\MeguminEngine.Interface.csproj", "{1B234F31-09C2-4D5A-B9A7-7254CEE08D50}"
EndProject
Global
	GlobalSection(SolutionConfigurationPlatforms) = preSolution
		Debug|Any CPU = Debug|Any CPU
		Release|Any CPU = Release|Any CPU
	EndGlobalSection
	GlobalSection(ProjectConfigurationPlatforms) = postSolution
		{1B234F31-09C2-4D5A-B9A7-7254CEE08D50}.Debug|Any CPU.ActiveCfg = Debug|Any CPU
		{1B234F31-09C2-4D5A-B9A7-7254CEE08D50}.Debug|Any CPU.Build.0 = Debug|Any CPU
		{1B234F31-09C2-4D5A-B9A7-7254CEE08D50}.Release|Any CPU.ActiveCfg = Release|Any CPU
		{1B234F31-09C2-4D5A-B9A7-7254CEE08D50}.Release|Any CPU.Build.0 = Release|Any CPU
	EndGlobalSection
	GlobalSection(SolutionProperties) = preSolution
		HideSolutionNode = FALSE
	EndGlobalSection
	GlobalSection(ExtensibilityGlobals) = postSolution
		SolutionGuid = {C367EA91-E946-412F-A321-970059BDF2CD}
	EndGlobalSection
EndGlobal
