
Microsoft Visual Studio Solution File, Format Version 12.00
# Visual Studio Version 16
VisualStudioVersion = 16.0.28606.126
MinimumVisualStudioVersion = 10.0.40219.1
Project("{9A19103F-16F7-4668-BE54-9A1E7A4F7556}") = "MeguminEngine.Interface", "MeguminEngine.Interface\MeguminEngine.Interface.csproj", "{1B234F31-09C2-4D5A-B9A7-7254CEE08D50}"
EndProject
Project("{9A19103F-16F7-4668-BE54-9A1E7A4F7556}") = "UnitTestProject1", "UnitTestProject1\UnitTestProject1.csproj", "{86082F0C-7BF1-4F4A-87BE-CECA53B20834}"
EndProject
Project("{9A19103F-16F7-4668-BE54-9A1E7A4F7556}") = "MeguminEngine.Inventory", "MeguminEngine.Inventory\MeguminEngine.Inventory.csproj", "{01D210A7-4BFF-4A85-9FDF-5049463A73D4}"
EndProject
Project("{9A19103F-16F7-4668-BE54-9A1E7A4F7556}") = "MeguminEngine.Shop", "MeguminEngine.Shop\MeguminEngine.Shop.csproj", "{101F7065-88B0-47E8-9E67-BC3258154736}"
EndProject
Project("{FAE04EC0-301F-11D3-BF4B-00C04F79EFBC}") = "MeguminEngine.Matching", "MeguminEngine.Matching\MeguminEngine.Matching.csproj", "{3EF439C5-2C7A-47BF-BD30-3077EACA7BB4}"
EndProject
Project("{FAE04EC0-301F-11D3-BF4B-00C04F79EFBC}") = "MeguminEngine.Friends", "MeguminEngine.Friends\MeguminEngine.Friends.csproj", "{47129D42-F5A2-4025-B713-780A73C44F38}"
EndProject
Project("{FAE04EC0-301F-11D3-BF4B-00C04F79EFBC}") = "MeguminEngine.Team", "MeguminEngine.Team\MeguminEngine.Team.csproj", "{8E4C9C6A-DB8A-46D5-A293-251CD2412FC7}"
EndProject
Project("{FAE04EC0-301F-11D3-BF4B-00C04F79EFBC}") = "MeguminEngine.Quest", "MeguminEngine.Quest\MeguminEngine.Quest.csproj", "{C04E5759-6495-4B5B-AB35-CF4BDC0DE353}"
EndProject
Project("{FAE04EC0-301F-11D3-BF4B-00C04F79EFBC}") = "MeguminEngine.Follower", "MeguminEngine.Follower\MeguminEngine.Follower.csproj", "{1E9EA3EE-6DAB-4F96-A867-C6A33B1A8E68}"
EndProject
Project("{FAE04EC0-301F-11D3-BF4B-00C04F79EFBC}") = "MeguminEngine.AuctionHouse", "MeguminEngine.AuctionHouse\MeguminEngine.AuctionHouse.csproj", "{B5D3164D-8787-452C-803A-4B69A4746EFC}"
EndProject
Project("{FAE04EC0-301F-11D3-BF4B-00C04F79EFBC}") = "MeguminEngine.Dungeon", "MeguminEngine.Dungeon\MeguminEngine.Dungeon.csproj", "{6EE432BC-C3A5-48CA-B1CD-C23BB1BA96EC}"
EndProject
Project("{FAE04EC0-301F-11D3-BF4B-00C04F79EFBC}") = "MeguminEngine.Duel", "MeguminEngine.Duel\MeguminEngine.Duel.csproj", "{0F91B994-8785-4633-8F6D-BDC5DEFD0FAD}"
EndProject
Project("{FAE04EC0-301F-11D3-BF4B-00C04F79EFBC}") = "MeguminEngine.TalentTree", "MeguminEngine.TalentTree\MeguminEngine.TalentTree.csproj", "{75774C8F-BBDA-4970-A945-27ED8FE50E26}"
EndProject
Project("{FAE04EC0-301F-11D3-BF4B-00C04F79EFBC}") = "MeguminEngine.WorldMap", "MeguminEngine.WorldMap\MeguminEngine.WorldMap.csproj", "{BAB1B6DE-B363-4689-BDAD-8478D09948EF}"
EndProject
Global
	GlobalSection(SolutionConfigurationPlatforms) = preSolution
		Debug|Any CPU = Debug|Any CPU
		Release|Any CPU = Release|Any CPU
	EndGlobalSection
	GlobalSection(ProjectConfigurationPlatforms) = postSolution
		{1B234F31-09C2-4D5A-B9A7-7254CEE08D50}.Debug|Any CPU.ActiveCfg = Debug|Any CPU
		{1B234F31-09C2-4D5A-B9A7-7254CEE08D50}.Debug|Any CPU.Build.0 = Debug|Any CPU
		{1B234F31-09C2-4D5A-B9A7-7254CEE08D50}.Release|Any CPU.ActiveCfg = Release|Any CPU
		{1B234F31-09C2-4D5A-B9A7-7254CEE08D50}.Release|Any CPU.Build.0 = Release|Any CPU
		{86082F0C-7BF1-4F4A-87BE-CECA53B20834}.Debug|Any CPU.ActiveCfg = Debug|Any CPU
		{86082F0C-7BF1-4F4A-87BE-CECA53B20834}.Debug|Any CPU.Build.0 = Debug|Any CPU
		{86082F0C-7BF1-4F4A-87BE-CECA53B20834}.Release|Any CPU.ActiveCfg = Release|Any CPU
		{86082F0C-7BF1-4F4A-87BE-CECA53B20834}.Release|Any CPU.Build.0 = Release|Any CPU
		{01D210A7-4BFF-4A85-9FDF-5049463A73D4}.Debug|Any CPU.ActiveCfg = Debug|Any CPU
		{01D210A7-4BFF-4A85-9FDF-5049463A73D4}.Debug|Any CPU.Build.0 = Debug|Any CPU
		{01D210A7-4BFF-4A85-9FDF-5049463A73D4}.Release|Any CPU.ActiveCfg = Release|Any CPU
		{01D210A7-4BFF-4A85-9FDF-5049463A73D4}.Release|Any CPU.Build.0 = Release|Any CPU
		{101F7065-88B0-47E8-9E67-BC3258154736}.Debug|Any CPU.ActiveCfg = Debug|Any CPU
		{101F7065-88B0-47E8-9E67-BC3258154736}.Debug|Any CPU.Build.0 = Debug|Any CPU
		{101F7065-88B0-47E8-9E67-BC3258154736}.Release|Any CPU.ActiveCfg = Release|Any CPU
		{101F7065-88B0-47E8-9E67-BC3258154736}.Release|Any CPU.Build.0 = Release|Any CPU
		{3EF439C5-2C7A-47BF-BD30-3077EACA7BB4}.Debug|Any CPU.ActiveCfg = Debug|Any CPU
		{3EF439C5-2C7A-47BF-BD30-3077EACA7BB4}.Debug|Any CPU.Build.0 = Debug|Any CPU
		{3EF439C5-2C7A-47BF-BD30-3077EACA7BB4}.Release|Any CPU.ActiveCfg = Release|Any CPU
		{3EF439C5-2C7A-47BF-BD30-3077EACA7BB4}.Release|Any CPU.Build.0 = Release|Any CPU
		{47129D42-F5A2-4025-B713-780A73C44F38}.Debug|Any CPU.ActiveCfg = Debug|Any CPU
		{47129D42-F5A2-4025-B713-780A73C44F38}.Debug|Any CPU.Build.0 = Debug|Any CPU
		{47129D42-F5A2-4025-B713-780A73C44F38}.Release|Any CPU.ActiveCfg = Release|Any CPU
		{47129D42-F5A2-4025-B713-780A73C44F38}.Release|Any CPU.Build.0 = Release|Any CPU
		{8E4C9C6A-DB8A-46D5-A293-251CD2412FC7}.Debug|Any CPU.ActiveCfg = Debug|Any CPU
		{8E4C9C6A-DB8A-46D5-A293-251CD2412FC7}.Debug|Any CPU.Build.0 = Debug|Any CPU
		{8E4C9C6A-DB8A-46D5-A293-251CD2412FC7}.Release|Any CPU.ActiveCfg = Release|Any CPU
		{8E4C9C6A-DB8A-46D5-A293-251CD2412FC7}.Release|Any CPU.Build.0 = Release|Any CPU
		{C04E5759-6495-4B5B-AB35-CF4BDC0DE353}.Debug|Any CPU.ActiveCfg = Debug|Any CPU
		{C04E5759-6495-4B5B-AB35-CF4BDC0DE353}.Debug|Any CPU.Build.0 = Debug|Any CPU
		{C04E5759-6495-4B5B-AB35-CF4BDC0DE353}.Release|Any CPU.ActiveCfg = Release|Any CPU
		{C04E5759-6495-4B5B-AB35-CF4BDC0DE353}.Release|Any CPU.Build.0 = Release|Any CPU
		{1E9EA3EE-6DAB-4F96-A867-C6A33B1A8E68}.Debug|Any CPU.ActiveCfg = Debug|Any CPU
		{1E9EA3EE-6DAB-4F96-A867-C6A33B1A8E68}.Debug|Any CPU.Build.0 = Debug|Any CPU
		{1E9EA3EE-6DAB-4F96-A867-C6A33B1A8E68}.Release|Any CPU.ActiveCfg = Release|Any CPU
		{1E9EA3EE-6DAB-4F96-A867-C6A33B1A8E68}.Release|Any CPU.Build.0 = Release|Any CPU
		{B5D3164D-8787-452C-803A-4B69A4746EFC}.Debug|Any CPU.ActiveCfg = Debug|Any CPU
		{B5D3164D-8787-452C-803A-4B69A4746EFC}.Debug|Any CPU.Build.0 = Debug|Any CPU
		{B5D3164D-8787-452C-803A-4B69A4746EFC}.Release|Any CPU.ActiveCfg = Release|Any CPU
		{B5D3164D-8787-452C-803A-4B69A4746EFC}.Release|Any CPU.Build.0 = Release|Any CPU
		{6EE432BC-C3A5-48CA-B1CD-C23BB1BA96EC}.Debug|Any CPU.ActiveCfg = Debug|Any CPU
		{6EE432BC-C3A5-48CA-B1CD-C23BB1BA96EC}.Debug|Any CPU.Build.0 = Debug|Any CPU
		{6EE432BC-C3A5-48CA-B1CD-C23BB1BA96EC}.Release|Any CPU.ActiveCfg = Release|Any CPU
		{6EE432BC-C3A5-48CA-B1CD-C23BB1BA96EC}.Release|Any CPU.Build.0 = Release|Any CPU
		{0F91B994-8785-4633-8F6D-BDC5DEFD0FAD}.Debug|Any CPU.ActiveCfg = Debug|Any CPU
		{0F91B994-8785-4633-8F6D-BDC5DEFD0FAD}.Debug|Any CPU.Build.0 = Debug|Any CPU
		{0F91B994-8785-4633-8F6D-BDC5DEFD0FAD}.Release|Any CPU.ActiveCfg = Release|Any CPU
		{0F91B994-8785-4633-8F6D-BDC5DEFD0FAD}.Release|Any CPU.Build.0 = Release|Any CPU
		{75774C8F-BBDA-4970-A945-27ED8FE50E26}.Debug|Any CPU.ActiveCfg = Debug|Any CPU
		{75774C8F-BBDA-4970-A945-27ED8FE50E26}.Debug|Any CPU.Build.0 = Debug|Any CPU
		{75774C8F-BBDA-4970-A945-27ED8FE50E26}.Release|Any CPU.ActiveCfg = Release|Any CPU
		{75774C8F-BBDA-4970-A945-27ED8FE50E26}.Release|Any CPU.Build.0 = Release|Any CPU
		{BAB1B6DE-B363-4689-BDAD-8478D09948EF}.Debug|Any CPU.ActiveCfg = Debug|Any CPU
		{BAB1B6DE-B363-4689-BDAD-8478D09948EF}.Debug|Any CPU.Build.0 = Debug|Any CPU
		{BAB1B6DE-B363-4689-BDAD-8478D09948EF}.Release|Any CPU.ActiveCfg = Release|Any CPU
		{BAB1B6DE-B363-4689-BDAD-8478D09948EF}.Release|Any CPU.Build.0 = Release|Any CPU
	EndGlobalSection
	GlobalSection(SolutionProperties) = preSolution
		HideSolutionNode = FALSE
	EndGlobalSection
	GlobalSection(ExtensibilityGlobals) = postSolution
		SolutionGuid = {C367EA91-E946-412F-A321-970059BDF2CD}
	EndGlobalSection
EndGlobal
